
Microsoft Visual Studio Solution File, Format Version 12.00
# Visual Studio Version 16
VisualStudioVersion = 16.0.28803.156
MinimumVisualStudioVersion = 10.0.40219.1
Project("{FAE04EC0-301F-11D3-BF4B-00C04F79EFBC}") = "iManage", "iManage\iManage.csproj", "{20C5312C-90E9-437C-9377-1CD54D09DF70}"
EndProject
Global
	GlobalSection(SolutionConfigurationPlatforms) = preSolution
		Debug|Any CPU = Debug|Any CPU
		Release|Any CPU = Release|Any CPU
	EndGlobalSection
	GlobalSection(ProjectConfigurationPlatforms) = postSolution
		{20C5312C-90E9-437C-9377-1CD54D09DF70}.Debug|Any CPU.ActiveCfg = Debug|Any CPU
		{20C5312C-90E9-437C-9377-1CD54D09DF70}.Debug|Any CPU.Build.0 = Debug|Any CPU
		{20C5312C-90E9-437C-9377-1CD54D09DF70}.Release|Any CPU.ActiveCfg = Release|Any CPU
		{20C5312C-90E9-437C-9377-1CD54D09DF70}.Release|Any CPU.Build.0 = Release|Any CPU
	EndGlobalSection
	GlobalSection(SolutionProperties) = preSolution
		HideSolutionNode = FALSE
	EndGlobalSection
	GlobalSection(ExtensibilityGlobals) = postSolution
		SolutionGuid = {E348F151-94F9-4FA2-945D-A082425B8584}
	EndGlobalSection
EndGlobal
