
Microsoft Visual Studio Solution File, Format Version 12.00
# Visual Studio Version 16
VisualStudioVersion = 25.0.1700.0
MinimumVisualStudioVersion = 10.0.40219.1
Project("{2150E333-8FDC-42A3-9474-1A3956D46DE8}") = "src", "src", "{DAC25A4F-FF13-4AF6-9524-11464D73EA9D}"
EndProject
Project("{2150E333-8FDC-42A3-9474-1A3956D46DE8}") = "BuildingBlocks", "BuildingBlocks", "{04C22D06-E62D-4725-9BAB-EE02274AEBE1}"
EndProject
Project("{FAE04EC0-301F-11D3-BF4B-00C04F79EFBC}") = "EventBus", "src\BuildingBlocks\EventBus\EventBus\EventBus.csproj", "{C9E10A9E-B241-4DC3-A254-5A78AE9EFA06}"
EndProject
Project("{FAE04EC0-301F-11D3-BF4B-00C04F79EFBC}") = "EventBusRabbitMQ", "src\BuildingBlocks\EventBus\EventBusRabbitMQ\EventBusRabbitMQ.csproj", "{D0D69C1A-A241-4672-89D7-2CA2515EFA47}"
EndProject
Project("{FAE04EC0-301F-11D3-BF4B-00C04F79EFBC}") = "IntegrationEventLogEF", "src\BuildingBlocks\EventBus\IntegrationEventLogEF\IntegrationEventLogEF.csproj", "{418E6450-CB32-4687-9E5C-40C0614E9C13}"
EndProject
Project("{2150E333-8FDC-42A3-9474-1A3956D46DE8}") = "Services", "Services", "{152FE0C3-AE4C-4005-B490-A2773141E8AD}"
EndProject
Project("{2150E333-8FDC-42A3-9474-1A3956D46DE8}") = "Identity", "Identity", "{9C92F1C3-F1A0-4F8A-9DB0-D58299C1C448}"
EndProject
Project("{2150E333-8FDC-42A3-9474-1A3956D46DE8}") = "Configuration", "Configuration", "{17FA7504-D73B-47AE-92EE-DEE862117269}"
EndProject
Project("{FAE04EC0-301F-11D3-BF4B-00C04F79EFBC}") = "Lithium.Configuration", "src\Services\Configuration\Lithium.Configuration\Lithium.Configuration.csproj", "{AFFB7278-36BF-4ACD-8F14-943AC8D442D7}"
EndProject
Project("{FAE04EC0-301F-11D3-BF4B-00C04F79EFBC}") = "Lithium.Identity", "src\Services\Identity\Lithium.Identity\Lithium.Identity.csproj", "{23F11618-4BA2-45B4-9F68-F1692D64ACAA}"
EndProject
Project("{FAE04EC0-301F-11D3-BF4B-00C04F79EFBC}") = "Lithium.Configuration.Core", "src\Services\Configuration\Lithium.Configuration.Core\Lithium.Configuration.Core.csproj", "{F0142BAA-5FCC-44BC-8628-C7AC49E8B789}"
EndProject
Project("{FAE04EC0-301F-11D3-BF4B-00C04F79EFBC}") = "Lithium.Configuration.Infrastructure", "src\Services\Configuration\Lithium.Configuration.Infrastructure\Lithium.Configuration.Infrastructure.csproj", "{2F94717C-7AD2-4748-8FB3-700ABC57B089}"
EndProject
Project("{2150E333-8FDC-42A3-9474-1A3956D46DE8}") = "Common", "Common", "{4C89E144-B86C-4642-A24E-9CB5C4A8FD03}"
EndProject
Project("{2150E333-8FDC-42A3-9474-1A3956D46DE8}") = "Exceptions", "Exceptions", "{68CA6435-25A4-4FA8-8BE9-FA8FB1A69F24}"
EndProject
Project("{2150E333-8FDC-42A3-9474-1A3956D46DE8}") = "Filters", "Filters", "{B86879D5-1181-4F98-A907-9778F4BBAE99}"
EndProject
Project("{2150E333-8FDC-42A3-9474-1A3956D46DE8}") = "ActionResults", "ActionResults", "{401D3EF7-7DFF-47A4-8B00-988452442684}"
EndProject
Project("{FAE04EC0-301F-11D3-BF4B-00C04F79EFBC}") = "Lithium.ActionResults", "src\Common\ActionResults\Lithium.ActionResults\Lithium.ActionResults.csproj", "{795B1A98-684A-49FA-88A6-344E8EC71DAE}"
EndProject
Project("{FAE04EC0-301F-11D3-BF4B-00C04F79EFBC}") = "Lithium.ApiExceptions", "src\Common\Exceptions\Lithium.ApiExceptions\Lithium.ApiExceptions.csproj", "{309DD3CF-AA6C-482B-A40A-20F6583E0526}"
EndProject
Project("{FAE04EC0-301F-11D3-BF4B-00C04F79EFBC}") = "Lithium.GlobalFilters", "src\Common\Filters\Lithium.GlobalFilters\Lithium.GlobalFilters.csproj", "{FBC9BA2B-D7AC-40C9-BF5B-B58076DDBDD1}"
EndProject
Project("{2150E333-8FDC-42A3-9474-1A3956D46DE8}") = "Services", "Services", "{2094722F-FF26-4892-803F-CDD709AA2F1D}"
EndProject
Project("{FAE04EC0-301F-11D3-BF4B-00C04F79EFBC}") = "Lithium.IdentityService", "src\Common\Services\Lithium.IdentityService\Lithium.IdentityService.csproj", "{854FBD8C-8477-410A-A971-AAAF9013211E}"
EndProject
Project("{FAE04EC0-301F-11D3-BF4B-00C04F79EFBC}") = "Lithium.IntegrationService", "src\Common\Services\Lithium.IntegrationService\Lithium.IntegrationService.csproj", "{E1882550-7675-43AA-A256-16C633ABDBA4}"
EndProject
Project("{2150E333-8FDC-42A3-9474-1A3956D46DE8}") = "Data", "Data", "{BADC9BFE-CF41-48D4-A6C2-E7E12013843D}"
EndProject
Project("{FAE04EC0-301F-11D3-BF4B-00C04F79EFBC}") = "Lithium.DataService", "src\Common\Data\Lithium.DataService\Lithium.DataService.csproj", "{CDA0D307-5173-4A21-9E39-E305E010AA1D}"
EndProject
Project("{2150E333-8FDC-42A3-9474-1A3956D46DE8}") = "Entities", "Entities", "{CCE2DED7-AE15-4877-8F9D-B89D00D8E4DB}"
EndProject
Project("{FAE04EC0-301F-11D3-BF4B-00C04F79EFBC}") = "Lithium.BaseEntities", "src\Common\Entities\Lithium.BaseEntities\Lithium.BaseEntities.csproj", "{0C8FA287-15E7-42F1-B4A8-03A52A1CA79B}"
EndProject
Project("{2150E333-8FDC-42A3-9474-1A3956D46DE8}") = "Behaviours", "Behaviours", "{00AAFDAD-F3D1-4DC5-B119-938630D37241}"
EndProject
Project("{FAE04EC0-301F-11D3-BF4B-00C04F79EFBC}") = "Lithium.Behaviours", "src\Common\Behaviours\Lithium.Behaviours\Lithium.Behaviours.csproj", "{869955E3-D6D2-4A21-A5C8-87E2311EF2A1}"
EndProject
Project("{2150E333-8FDC-42A3-9474-1A3956D46DE8}") = "Modules", "Modules", "{27A0B67F-1A75-4423-BC93-F53C193E08D9}"
EndProject
Project("{FAE04EC0-301F-11D3-BF4B-00C04F79EFBC}") = "Lithium.AutofacModules", "src\Common\Modules\Lithium.AutofacModules\Lithium.AutofacModules.csproj", "{2C716EEA-416F-4001-A0DA-B29A29A0DD69}"
EndProject
Project("{2150E333-8FDC-42A3-9474-1A3956D46DE8}") = "Specifications", "Specifications", "{847DBA0A-31ED-464B-8308-3A0D4CF36657}"
EndProject
Project("{FAE04EC0-301F-11D3-BF4B-00C04F79EFBC}") = "Lithium.Specifications", "src\Common\Specifications\Lithium.Specifications\Lithium.Specifications.csproj", "{D6EBE57F-0065-4980-A1A5-D14601E20C7A}"
EndProject
Global
	GlobalSection(SolutionConfigurationPlatforms) = preSolution
		Debug|Any CPU = Debug|Any CPU
		Release|Any CPU = Release|Any CPU
	EndGlobalSection
	GlobalSection(ProjectConfigurationPlatforms) = postSolution
		{C9E10A9E-B241-4DC3-A254-5A78AE9EFA06}.Debug|Any CPU.ActiveCfg = Debug|Any CPU
		{C9E10A9E-B241-4DC3-A254-5A78AE9EFA06}.Debug|Any CPU.Build.0 = Debug|Any CPU
		{C9E10A9E-B241-4DC3-A254-5A78AE9EFA06}.Release|Any CPU.ActiveCfg = Release|Any CPU
		{C9E10A9E-B241-4DC3-A254-5A78AE9EFA06}.Release|Any CPU.Build.0 = Release|Any CPU
		{D0D69C1A-A241-4672-89D7-2CA2515EFA47}.Debug|Any CPU.ActiveCfg = Debug|Any CPU
		{D0D69C1A-A241-4672-89D7-2CA2515EFA47}.Debug|Any CPU.Build.0 = Debug|Any CPU
		{D0D69C1A-A241-4672-89D7-2CA2515EFA47}.Release|Any CPU.ActiveCfg = Release|Any CPU
		{D0D69C1A-A241-4672-89D7-2CA2515EFA47}.Release|Any CPU.Build.0 = Release|Any CPU
		{418E6450-CB32-4687-9E5C-40C0614E9C13}.Debug|Any CPU.ActiveCfg = Debug|Any CPU
		{418E6450-CB32-4687-9E5C-40C0614E9C13}.Debug|Any CPU.Build.0 = Debug|Any CPU
		{418E6450-CB32-4687-9E5C-40C0614E9C13}.Release|Any CPU.ActiveCfg = Release|Any CPU
		{418E6450-CB32-4687-9E5C-40C0614E9C13}.Release|Any CPU.Build.0 = Release|Any CPU
		{AFFB7278-36BF-4ACD-8F14-943AC8D442D7}.Debug|Any CPU.ActiveCfg = Debug|Any CPU
		{AFFB7278-36BF-4ACD-8F14-943AC8D442D7}.Debug|Any CPU.Build.0 = Debug|Any CPU
		{AFFB7278-36BF-4ACD-8F14-943AC8D442D7}.Release|Any CPU.ActiveCfg = Release|Any CPU
		{AFFB7278-36BF-4ACD-8F14-943AC8D442D7}.Release|Any CPU.Build.0 = Release|Any CPU
		{23F11618-4BA2-45B4-9F68-F1692D64ACAA}.Debug|Any CPU.ActiveCfg = Debug|Any CPU
		{23F11618-4BA2-45B4-9F68-F1692D64ACAA}.Debug|Any CPU.Build.0 = Debug|Any CPU
		{23F11618-4BA2-45B4-9F68-F1692D64ACAA}.Release|Any CPU.ActiveCfg = Release|Any CPU
		{23F11618-4BA2-45B4-9F68-F1692D64ACAA}.Release|Any CPU.Build.0 = Release|Any CPU
		{F0142BAA-5FCC-44BC-8628-C7AC49E8B789}.Debug|Any CPU.ActiveCfg = Debug|Any CPU
		{F0142BAA-5FCC-44BC-8628-C7AC49E8B789}.Debug|Any CPU.Build.0 = Debug|Any CPU
		{F0142BAA-5FCC-44BC-8628-C7AC49E8B789}.Release|Any CPU.ActiveCfg = Release|Any CPU
		{F0142BAA-5FCC-44BC-8628-C7AC49E8B789}.Release|Any CPU.Build.0 = Release|Any CPU
		{2F94717C-7AD2-4748-8FB3-700ABC57B089}.Debug|Any CPU.ActiveCfg = Debug|Any CPU
		{2F94717C-7AD2-4748-8FB3-700ABC57B089}.Debug|Any CPU.Build.0 = Debug|Any CPU
		{2F94717C-7AD2-4748-8FB3-700ABC57B089}.Release|Any CPU.ActiveCfg = Release|Any CPU
		{2F94717C-7AD2-4748-8FB3-700ABC57B089}.Release|Any CPU.Build.0 = Release|Any CPU
		{795B1A98-684A-49FA-88A6-344E8EC71DAE}.Debug|Any CPU.ActiveCfg = Debug|Any CPU
		{795B1A98-684A-49FA-88A6-344E8EC71DAE}.Debug|Any CPU.Build.0 = Debug|Any CPU
		{795B1A98-684A-49FA-88A6-344E8EC71DAE}.Release|Any CPU.ActiveCfg = Release|Any CPU
		{795B1A98-684A-49FA-88A6-344E8EC71DAE}.Release|Any CPU.Build.0 = Release|Any CPU
		{309DD3CF-AA6C-482B-A40A-20F6583E0526}.Debug|Any CPU.ActiveCfg = Debug|Any CPU
		{309DD3CF-AA6C-482B-A40A-20F6583E0526}.Debug|Any CPU.Build.0 = Debug|Any CPU
		{309DD3CF-AA6C-482B-A40A-20F6583E0526}.Release|Any CPU.ActiveCfg = Release|Any CPU
		{309DD3CF-AA6C-482B-A40A-20F6583E0526}.Release|Any CPU.Build.0 = Release|Any CPU
		{FBC9BA2B-D7AC-40C9-BF5B-B58076DDBDD1}.Debug|Any CPU.ActiveCfg = Debug|Any CPU
		{FBC9BA2B-D7AC-40C9-BF5B-B58076DDBDD1}.Debug|Any CPU.Build.0 = Debug|Any CPU
		{FBC9BA2B-D7AC-40C9-BF5B-B58076DDBDD1}.Release|Any CPU.ActiveCfg = Release|Any CPU
		{FBC9BA2B-D7AC-40C9-BF5B-B58076DDBDD1}.Release|Any CPU.Build.0 = Release|Any CPU
		{854FBD8C-8477-410A-A971-AAAF9013211E}.Debug|Any CPU.ActiveCfg = Debug|Any CPU
		{854FBD8C-8477-410A-A971-AAAF9013211E}.Debug|Any CPU.Build.0 = Debug|Any CPU
		{854FBD8C-8477-410A-A971-AAAF9013211E}.Release|Any CPU.ActiveCfg = Release|Any CPU
		{854FBD8C-8477-410A-A971-AAAF9013211E}.Release|Any CPU.Build.0 = Release|Any CPU
		{E1882550-7675-43AA-A256-16C633ABDBA4}.Debug|Any CPU.ActiveCfg = Debug|Any CPU
		{E1882550-7675-43AA-A256-16C633ABDBA4}.Debug|Any CPU.Build.0 = Debug|Any CPU
		{E1882550-7675-43AA-A256-16C633ABDBA4}.Release|Any CPU.ActiveCfg = Release|Any CPU
		{E1882550-7675-43AA-A256-16C633ABDBA4}.Release|Any CPU.Build.0 = Release|Any CPU
		{CDA0D307-5173-4A21-9E39-E305E010AA1D}.Debug|Any CPU.ActiveCfg = Debug|Any CPU
		{CDA0D307-5173-4A21-9E39-E305E010AA1D}.Debug|Any CPU.Build.0 = Debug|Any CPU
		{CDA0D307-5173-4A21-9E39-E305E010AA1D}.Release|Any CPU.ActiveCfg = Release|Any CPU
		{CDA0D307-5173-4A21-9E39-E305E010AA1D}.Release|Any CPU.Build.0 = Release|Any CPU
		{0C8FA287-15E7-42F1-B4A8-03A52A1CA79B}.Debug|Any CPU.ActiveCfg = Debug|Any CPU
		{0C8FA287-15E7-42F1-B4A8-03A52A1CA79B}.Debug|Any CPU.Build.0 = Debug|Any CPU
		{0C8FA287-15E7-42F1-B4A8-03A52A1CA79B}.Release|Any CPU.ActiveCfg = Release|Any CPU
		{0C8FA287-15E7-42F1-B4A8-03A52A1CA79B}.Release|Any CPU.Build.0 = Release|Any CPU
		{869955E3-D6D2-4A21-A5C8-87E2311EF2A1}.Debug|Any CPU.ActiveCfg = Debug|Any CPU
		{869955E3-D6D2-4A21-A5C8-87E2311EF2A1}.Debug|Any CPU.Build.0 = Debug|Any CPU
		{869955E3-D6D2-4A21-A5C8-87E2311EF2A1}.Release|Any CPU.ActiveCfg = Release|Any CPU
		{869955E3-D6D2-4A21-A5C8-87E2311EF2A1}.Release|Any CPU.Build.0 = Release|Any CPU
		{2C716EEA-416F-4001-A0DA-B29A29A0DD69}.Debug|Any CPU.ActiveCfg = Debug|Any CPU
		{2C716EEA-416F-4001-A0DA-B29A29A0DD69}.Debug|Any CPU.Build.0 = Debug|Any CPU
		{2C716EEA-416F-4001-A0DA-B29A29A0DD69}.Release|Any CPU.ActiveCfg = Release|Any CPU
		{2C716EEA-416F-4001-A0DA-B29A29A0DD69}.Release|Any CPU.Build.0 = Release|Any CPU
		{D6EBE57F-0065-4980-A1A5-D14601E20C7A}.Debug|Any CPU.ActiveCfg = Debug|Any CPU
		{D6EBE57F-0065-4980-A1A5-D14601E20C7A}.Debug|Any CPU.Build.0 = Debug|Any CPU
		{D6EBE57F-0065-4980-A1A5-D14601E20C7A}.Release|Any CPU.ActiveCfg = Release|Any CPU
		{D6EBE57F-0065-4980-A1A5-D14601E20C7A}.Release|Any CPU.Build.0 = Release|Any CPU
	EndGlobalSection
	GlobalSection(SolutionProperties) = preSolution
		HideSolutionNode = FALSE
	EndGlobalSection
	GlobalSection(ExtensibilityGlobals) = postSolution
		SolutionGuid = {FCF3EF7D-22D4-41F9-8A79-FDD5AF6C1E6F}
	EndGlobalSection
	GlobalSection(NestedProjects) = preSolution
		{04C22D06-E62D-4725-9BAB-EE02274AEBE1} = {DAC25A4F-FF13-4AF6-9524-11464D73EA9D}
		{C9E10A9E-B241-4DC3-A254-5A78AE9EFA06} = {04C22D06-E62D-4725-9BAB-EE02274AEBE1}
		{D0D69C1A-A241-4672-89D7-2CA2515EFA47} = {04C22D06-E62D-4725-9BAB-EE02274AEBE1}
		{418E6450-CB32-4687-9E5C-40C0614E9C13} = {04C22D06-E62D-4725-9BAB-EE02274AEBE1}
		{152FE0C3-AE4C-4005-B490-A2773141E8AD} = {DAC25A4F-FF13-4AF6-9524-11464D73EA9D}
		{9C92F1C3-F1A0-4F8A-9DB0-D58299C1C448} = {152FE0C3-AE4C-4005-B490-A2773141E8AD}
		{17FA7504-D73B-47AE-92EE-DEE862117269} = {152FE0C3-AE4C-4005-B490-A2773141E8AD}
		{AFFB7278-36BF-4ACD-8F14-943AC8D442D7} = {17FA7504-D73B-47AE-92EE-DEE862117269}
		{23F11618-4BA2-45B4-9F68-F1692D64ACAA} = {9C92F1C3-F1A0-4F8A-9DB0-D58299C1C448}
		{F0142BAA-5FCC-44BC-8628-C7AC49E8B789} = {17FA7504-D73B-47AE-92EE-DEE862117269}
		{2F94717C-7AD2-4748-8FB3-700ABC57B089} = {17FA7504-D73B-47AE-92EE-DEE862117269}
		{4C89E144-B86C-4642-A24E-9CB5C4A8FD03} = {DAC25A4F-FF13-4AF6-9524-11464D73EA9D}
		{68CA6435-25A4-4FA8-8BE9-FA8FB1A69F24} = {4C89E144-B86C-4642-A24E-9CB5C4A8FD03}
		{B86879D5-1181-4F98-A907-9778F4BBAE99} = {4C89E144-B86C-4642-A24E-9CB5C4A8FD03}
		{401D3EF7-7DFF-47A4-8B00-988452442684} = {4C89E144-B86C-4642-A24E-9CB5C4A8FD03}
		{795B1A98-684A-49FA-88A6-344E8EC71DAE} = {401D3EF7-7DFF-47A4-8B00-988452442684}
		{309DD3CF-AA6C-482B-A40A-20F6583E0526} = {68CA6435-25A4-4FA8-8BE9-FA8FB1A69F24}
		{FBC9BA2B-D7AC-40C9-BF5B-B58076DDBDD1} = {B86879D5-1181-4F98-A907-9778F4BBAE99}
		{2094722F-FF26-4892-803F-CDD709AA2F1D} = {4C89E144-B86C-4642-A24E-9CB5C4A8FD03}
		{854FBD8C-8477-410A-A971-AAAF9013211E} = {2094722F-FF26-4892-803F-CDD709AA2F1D}
		{E1882550-7675-43AA-A256-16C633ABDBA4} = {2094722F-FF26-4892-803F-CDD709AA2F1D}
		{BADC9BFE-CF41-48D4-A6C2-E7E12013843D} = {4C89E144-B86C-4642-A24E-9CB5C4A8FD03}
		{CDA0D307-5173-4A21-9E39-E305E010AA1D} = {BADC9BFE-CF41-48D4-A6C2-E7E12013843D}
		{CCE2DED7-AE15-4877-8F9D-B89D00D8E4DB} = {4C89E144-B86C-4642-A24E-9CB5C4A8FD03}
		{0C8FA287-15E7-42F1-B4A8-03A52A1CA79B} = {CCE2DED7-AE15-4877-8F9D-B89D00D8E4DB}
		{00AAFDAD-F3D1-4DC5-B119-938630D37241} = {4C89E144-B86C-4642-A24E-9CB5C4A8FD03}
		{869955E3-D6D2-4A21-A5C8-87E2311EF2A1} = {00AAFDAD-F3D1-4DC5-B119-938630D37241}
		{27A0B67F-1A75-4423-BC93-F53C193E08D9} = {4C89E144-B86C-4642-A24E-9CB5C4A8FD03}
		{2C716EEA-416F-4001-A0DA-B29A29A0DD69} = {27A0B67F-1A75-4423-BC93-F53C193E08D9}
		{847DBA0A-31ED-464B-8308-3A0D4CF36657} = {4C89E144-B86C-4642-A24E-9CB5C4A8FD03}
		{D6EBE57F-0065-4980-A1A5-D14601E20C7A} = {847DBA0A-31ED-464B-8308-3A0D4CF36657}
	EndGlobalSection
EndGlobal
